
Microsoft Visual Studio Solution File, Format Version 12.00
# Visual Studio Version 17
VisualStudioVersion = 17.4.33403.182
MinimumVisualStudioVersion = 10.0.40219.1
Project("{FAE04EC0-301F-11D3-BF4B-00C04F79EFBC}") = "WpfApp", "WpfApp\WpfApp.csproj", "{4A36CD40-FCF9-49EF-BF46-40A85C3609BD}"
EndProject
Global
	GlobalSection(SolutionConfigurationPlatforms) = preSolution
		Debug|Any CPU = Debug|Any CPU
		Release|Any CPU = Release|Any CPU
	EndGlobalSection
	GlobalSection(ProjectConfigurationPlatforms) = postSolution
		{4A36CD40-FCF9-49EF-BF46-40A85C3609BD}.Debug|Any CPU.ActiveCfg = Debug|Any CPU
		{4A36CD40-FCF9-49EF-BF46-40A85C3609BD}.Debug|Any CPU.Build.0 = Debug|Any CPU
		{4A36CD40-FCF9-49EF-BF46-40A85C3609BD}.Release|Any CPU.ActiveCfg = Release|Any CPU
		{4A36CD40-FCF9-49EF-BF46-40A85C3609BD}.Release|Any CPU.Build.0 = Release|Any CPU
	EndGlobalSection
	GlobalSection(SolutionProperties) = preSolution
		HideSolutionNode = FALSE
	EndGlobalSection
	GlobalSection(ExtensibilityGlobals) = postSolution
		SolutionGuid = {E6B15D76-6030-4B8D-AEB5-8ED51032FAE4}
	EndGlobalSection
EndGlobal
