
Microsoft Visual Studio Solution File, Format Version 12.00
# Visual Studio Version 17
VisualStudioVersion = 17.4.33403.182
MinimumVisualStudioVersion = 10.0.40219.1
Project("{9A19103F-16F7-4668-BE54-9A1E7A4F7556}") = "WpfApp", "WpfApp\WpfApp.csproj", "{4A36CD40-FCF9-49EF-BF46-40A85C3609BD}"
EndProject
Global
	GlobalSection(SolutionConfigurationPlatforms) = preSolution
		Debug|Any CPU = Debug|Any CPU
		Debug|x64 = Debug|x64
		Release|Any CPU = Release|Any CPU
		Release|x64 = Release|x64
	EndGlobalSection
	GlobalSection(ProjectConfigurationPlatforms) = postSolution
		{4A36CD40-FCF9-49EF-BF46-40A85C3609BD}.Debug|Any CPU.ActiveCfg = Debug|Any CPU
		{4A36CD40-FCF9-49EF-BF46-40A85C3609BD}.Debug|Any CPU.Build.0 = Debug|Any CPU
		{4A36CD40-FCF9-49EF-BF46-40A85C3609BD}.Debug|x64.ActiveCfg = Debug|x64
		{4A36CD40-FCF9-49EF-BF46-40A85C3609BD}.Debug|x64.Build.0 = Debug|x64
		{4A36CD40-FCF9-49EF-BF46-40A85C3609BD}.Release|Any CPU.ActiveCfg = Release|Any CPU
		{4A36CD40-FCF9-49EF-BF46-40A85C3609BD}.Release|Any CPU.Build.0 = Release|Any CPU
		{4A36CD40-FCF9-49EF-BF46-40A85C3609BD}.Release|x64.ActiveCfg = Release|x64
		{4A36CD40-FCF9-49EF-BF46-40A85C3609BD}.Release|x64.Build.0 = Release|x64
	EndGlobalSection
	GlobalSection(SolutionProperties) = preSolution
		HideSolutionNode = FALSE
	EndGlobalSection
	GlobalSection(ExtensibilityGlobals) = postSolution
		SolutionGuid = {E6B15D76-6030-4B8D-AEB5-8ED51032FAE4}
	EndGlobalSection
EndGlobal
