
Microsoft Visual Studio Solution File, Format Version 12.00
# Visual Studio Version 17
VisualStudioVersion = 17.4.33403.182
MinimumVisualStudioVersion = 10.0.40219.1
Project("{FAE04EC0-301F-11D3-BF4B-00C04F79EFBC}") = "WinFormsApp", "WinFormsApp\WinFormsApp.csproj", "{1931B7B3-0D06-4A4A-A7BD-CB86682B0B69}"
EndProject
Global
	GlobalSection(SolutionConfigurationPlatforms) = preSolution
		Debug|Any CPU = Debug|Any CPU
		Release|Any CPU = Release|Any CPU
	EndGlobalSection
	GlobalSection(ProjectConfigurationPlatforms) = postSolution
		{1931B7B3-0D06-4A4A-A7BD-CB86682B0B69}.Debug|Any CPU.ActiveCfg = Debug|Any CPU
		{1931B7B3-0D06-4A4A-A7BD-CB86682B0B69}.Debug|Any CPU.Build.0 = Debug|Any CPU
		{1931B7B3-0D06-4A4A-A7BD-CB86682B0B69}.Release|Any CPU.ActiveCfg = Release|Any CPU
		{1931B7B3-0D06-4A4A-A7BD-CB86682B0B69}.Release|Any CPU.Build.0 = Release|Any CPU
	EndGlobalSection
	GlobalSection(SolutionProperties) = preSolution
		HideSolutionNode = FALSE
	EndGlobalSection
	GlobalSection(ExtensibilityGlobals) = postSolution
		SolutionGuid = {5829F8D3-EF15-442C-92C3-977FFF6D4A9C}
	EndGlobalSection
EndGlobal
